
Microsoft Visual Studio Solution File, Format Version 12.00
# Visual Studio Version 17
VisualStudioVersion = 17.9.34728.123
MinimumVisualStudioVersion = 10.0.40219.1
Project("{9A19103F-16F7-4668-BE54-9A1E7A4F7556}") = "IGift.Server", "IGift\Server\IGift.Server.csproj", "{5AF209E8-CD71-4101-841D-41F46D7D110E}"
EndProject
Project("{9A19103F-16F7-4668-BE54-9A1E7A4F7556}") = "IGift.Client", "IGift\Client\IGift.Client.csproj", "{E3233883-9231-4213-8678-B82D23EB1662}"
EndProject
Project("{9A19103F-16F7-4668-BE54-9A1E7A4F7556}") = "IGift.Shared", "IGift\Shared\IGift.Shared.csproj", "{A378E1C0-B44F-45F1-BAEF-ECF55C7C82B6}"
EndProject
Project("{2150E333-8FDC-42A3-9474-1A3956D46DE8}") = "ReadmeFiles", "ReadmeFiles", "{3E6B7197-3E30-4A2A-8025-9BEE862A1C0D}"
	ProjectSection(SolutionItems) = preProject
		Readme.txt = Readme.txt
		Tasks.txt = Tasks.txt
	EndProjectSection
EndProject
Project("{9A19103F-16F7-4668-BE54-9A1E7A4F7556}") = "IGift.Domain", "IGift.Domain\IGift.Domain.csproj", "{25384547-588C-4059-BF8E-A24616AEF4AA}"
EndProject
Project("{9A19103F-16F7-4668-BE54-9A1E7A4F7556}") = "IGift.Infrastructure", "IGift.Infrastructure\IGift.Infrastructure.csproj", "{1E1FD292-67DA-4C68-83A9-D0FEEE298F47}"
EndProject
Project("{9A19103F-16F7-4668-BE54-9A1E7A4F7556}") = "IGift.Application", "IGift.Application\IGift.Application.csproj", "{60B597A9-395F-4EFA-9142-30DDC6D4A312}"
EndProject
Project("{9A19103F-16F7-4668-BE54-9A1E7A4F7556}") = "IGift.Client.Infrastructure", "Client.Infrastructure\IGift.Client.Infrastructure.csproj", "{50F642F9-A1BA-4457-9C27-BC0873F9DF53}"
EndProject
Project("{2150E333-8FDC-42A3-9474-1A3956D46DE8}") = "Web", "Web", "{209E7E0C-A71E-4117-AD95-EFF908573034}"
EndProject
Project("{2150E333-8FDC-42A3-9474-1A3956D46DE8}") = "Client", "Client", "{F39054A5-2328-4F1C-A7A5-A79AE279E407}"
EndProject
Project("{2150E333-8FDC-42A3-9474-1A3956D46DE8}") = "Server", "Server", "{54D39454-5B00-4121-A669-3A0A856B7D2D}"
EndProject
Project("{2150E333-8FDC-42A3-9474-1A3956D46DE8}") = "Source", "Source", "{9AAC30CA-20D6-4646-BC4F-EEC21733CA4B}"
EndProject
Project("{2150E333-8FDC-42A3-9474-1A3956D46DE8}") = "Core", "Core", "{5294BF51-CD4F-4022-B2B9-42E897FE6039}"
EndProject
Project("{2150E333-8FDC-42A3-9474-1A3956D46DE8}") = "Infrastructure", "Infrastructure", "{0779165B-14D8-4E48-8D39-8124BE26DE6D}"
EndProject
Project("{2150E333-8FDC-42A3-9474-1A3956D46DE8}") = "Shared", "Shared", "{BBE49071-3520-4699-9FB7-4A0CC60DE015}"
EndProject
Project("{9A19103F-16F7-4668-BE54-9A1E7A4F7556}") = "IGIFT.Server.Shared", "IGIFT.Server.Shared\IGIFT.Server.Shared\IGIFT.Server.Shared.csproj", "{B9000EF0-96F0-4189-B4C0-FF66E8B59C62}"
EndProject
Project("{9A19103F-16F7-4668-BE54-9A1E7A4F7556}") = "IGIFT.Server.Files", "IGIFT.Server.Files\IGIFT.Server.Files.csproj", "{C5F49492-29E3-4016-A3CB-4052A92A5391}"
EndProject
Project("{9A19103F-16F7-4668-BE54-9A1E7A4F7556}") = "IGIFT.Server.LocalesAdheridos", "IGIFT.Server.LocalesAdheridos\IGIFT.Server.LocalesAdheridos.csproj", "{D2CC7F79-DA8C-4827-9401-58E166617345}"
EndProject
Global
	GlobalSection(SolutionConfigurationPlatforms) = preSolution
		Debug|Any CPU = Debug|Any CPU
		Release|Any CPU = Release|Any CPU
	EndGlobalSection
	GlobalSection(ProjectConfigurationPlatforms) = postSolution
		{5AF209E8-CD71-4101-841D-41F46D7D110E}.Debug|Any CPU.ActiveCfg = Debug|Any CPU
		{5AF209E8-CD71-4101-841D-41F46D7D110E}.Debug|Any CPU.Build.0 = Debug|Any CPU
		{5AF209E8-CD71-4101-841D-41F46D7D110E}.Release|Any CPU.ActiveCfg = Release|Any CPU
		{5AF209E8-CD71-4101-841D-41F46D7D110E}.Release|Any CPU.Build.0 = Release|Any CPU
		{E3233883-9231-4213-8678-B82D23EB1662}.Debug|Any CPU.ActiveCfg = Debug|Any CPU
		{E3233883-9231-4213-8678-B82D23EB1662}.Debug|Any CPU.Build.0 = Debug|Any CPU
		{E3233883-9231-4213-8678-B82D23EB1662}.Release|Any CPU.ActiveCfg = Release|Any CPU
		{E3233883-9231-4213-8678-B82D23EB1662}.Release|Any CPU.Build.0 = Release|Any CPU
		{A378E1C0-B44F-45F1-BAEF-ECF55C7C82B6}.Debug|Any CPU.ActiveCfg = Debug|Any CPU
		{A378E1C0-B44F-45F1-BAEF-ECF55C7C82B6}.Debug|Any CPU.Build.0 = Debug|Any CPU
		{A378E1C0-B44F-45F1-BAEF-ECF55C7C82B6}.Release|Any CPU.ActiveCfg = Release|Any CPU
		{A378E1C0-B44F-45F1-BAEF-ECF55C7C82B6}.Release|Any CPU.Build.0 = Release|Any CPU
		{25384547-588C-4059-BF8E-A24616AEF4AA}.Debug|Any CPU.ActiveCfg = Debug|Any CPU
		{25384547-588C-4059-BF8E-A24616AEF4AA}.Debug|Any CPU.Build.0 = Debug|Any CPU
		{25384547-588C-4059-BF8E-A24616AEF4AA}.Release|Any CPU.ActiveCfg = Release|Any CPU
		{25384547-588C-4059-BF8E-A24616AEF4AA}.Release|Any CPU.Build.0 = Release|Any CPU
		{1E1FD292-67DA-4C68-83A9-D0FEEE298F47}.Debug|Any CPU.ActiveCfg = Debug|Any CPU
		{1E1FD292-67DA-4C68-83A9-D0FEEE298F47}.Debug|Any CPU.Build.0 = Debug|Any CPU
		{1E1FD292-67DA-4C68-83A9-D0FEEE298F47}.Release|Any CPU.ActiveCfg = Release|Any CPU
		{1E1FD292-67DA-4C68-83A9-D0FEEE298F47}.Release|Any CPU.Build.0 = Release|Any CPU
		{60B597A9-395F-4EFA-9142-30DDC6D4A312}.Debug|Any CPU.ActiveCfg = Debug|Any CPU
		{60B597A9-395F-4EFA-9142-30DDC6D4A312}.Debug|Any CPU.Build.0 = Debug|Any CPU
		{60B597A9-395F-4EFA-9142-30DDC6D4A312}.Release|Any CPU.ActiveCfg = Release|Any CPU
		{60B597A9-395F-4EFA-9142-30DDC6D4A312}.Release|Any CPU.Build.0 = Release|Any CPU
		{50F642F9-A1BA-4457-9C27-BC0873F9DF53}.Debug|Any CPU.ActiveCfg = Debug|Any CPU
		{50F642F9-A1BA-4457-9C27-BC0873F9DF53}.Debug|Any CPU.Build.0 = Debug|Any CPU
		{50F642F9-A1BA-4457-9C27-BC0873F9DF53}.Release|Any CPU.ActiveCfg = Release|Any CPU
		{50F642F9-A1BA-4457-9C27-BC0873F9DF53}.Release|Any CPU.Build.0 = Release|Any CPU
		{B9000EF0-96F0-4189-B4C0-FF66E8B59C62}.Debug|Any CPU.ActiveCfg = Debug|Any CPU
		{B9000EF0-96F0-4189-B4C0-FF66E8B59C62}.Debug|Any CPU.Build.0 = Debug|Any CPU
		{B9000EF0-96F0-4189-B4C0-FF66E8B59C62}.Release|Any CPU.ActiveCfg = Release|Any CPU
		{B9000EF0-96F0-4189-B4C0-FF66E8B59C62}.Release|Any CPU.Build.0 = Release|Any CPU
		{C5F49492-29E3-4016-A3CB-4052A92A5391}.Debug|Any CPU.ActiveCfg = Debug|Any CPU
		{C5F49492-29E3-4016-A3CB-4052A92A5391}.Debug|Any CPU.Build.0 = Debug|Any CPU
		{C5F49492-29E3-4016-A3CB-4052A92A5391}.Release|Any CPU.ActiveCfg = Release|Any CPU
		{C5F49492-29E3-4016-A3CB-4052A92A5391}.Release|Any CPU.Build.0 = Release|Any CPU
		{D2CC7F79-DA8C-4827-9401-58E166617345}.Debug|Any CPU.ActiveCfg = Debug|Any CPU
		{D2CC7F79-DA8C-4827-9401-58E166617345}.Debug|Any CPU.Build.0 = Debug|Any CPU
		{D2CC7F79-DA8C-4827-9401-58E166617345}.Release|Any CPU.ActiveCfg = Release|Any CPU
		{D2CC7F79-DA8C-4827-9401-58E166617345}.Release|Any CPU.Build.0 = Release|Any CPU
	EndGlobalSection
	GlobalSection(SolutionProperties) = preSolution
		HideSolutionNode = FALSE
	EndGlobalSection
	GlobalSection(NestedProjects) = preSolution
		{5AF209E8-CD71-4101-841D-41F46D7D110E} = {54D39454-5B00-4121-A669-3A0A856B7D2D}
		{E3233883-9231-4213-8678-B82D23EB1662} = {F39054A5-2328-4F1C-A7A5-A79AE279E407}
		{A378E1C0-B44F-45F1-BAEF-ECF55C7C82B6} = {BBE49071-3520-4699-9FB7-4A0CC60DE015}
		{25384547-588C-4059-BF8E-A24616AEF4AA} = {5294BF51-CD4F-4022-B2B9-42E897FE6039}
		{1E1FD292-67DA-4C68-83A9-D0FEEE298F47} = {0779165B-14D8-4E48-8D39-8124BE26DE6D}
		{60B597A9-395F-4EFA-9142-30DDC6D4A312} = {5294BF51-CD4F-4022-B2B9-42E897FE6039}
		{50F642F9-A1BA-4457-9C27-BC0873F9DF53} = {F39054A5-2328-4F1C-A7A5-A79AE279E407}
		{209E7E0C-A71E-4117-AD95-EFF908573034} = {9AAC30CA-20D6-4646-BC4F-EEC21733CA4B}
		{F39054A5-2328-4F1C-A7A5-A79AE279E407} = {209E7E0C-A71E-4117-AD95-EFF908573034}
		{54D39454-5B00-4121-A669-3A0A856B7D2D} = {209E7E0C-A71E-4117-AD95-EFF908573034}
		{5294BF51-CD4F-4022-B2B9-42E897FE6039} = {9AAC30CA-20D6-4646-BC4F-EEC21733CA4B}
		{0779165B-14D8-4E48-8D39-8124BE26DE6D} = {9AAC30CA-20D6-4646-BC4F-EEC21733CA4B}
		{BBE49071-3520-4699-9FB7-4A0CC60DE015} = {9AAC30CA-20D6-4646-BC4F-EEC21733CA4B}
		{B9000EF0-96F0-4189-B4C0-FF66E8B59C62} = {54D39454-5B00-4121-A669-3A0A856B7D2D}
		{C5F49492-29E3-4016-A3CB-4052A92A5391} = {54D39454-5B00-4121-A669-3A0A856B7D2D}
		{D2CC7F79-DA8C-4827-9401-58E166617345} = {54D39454-5B00-4121-A669-3A0A856B7D2D}
	EndGlobalSection
	GlobalSection(ExtensibilityGlobals) = postSolution
		SolutionGuid = {11B6A31C-FCB0-452F-95A7-8227D7146A07}
	EndGlobalSection
EndGlobal
